
Microsoft Visual Studio Solution File, Format Version 12.00
# Visual Studio Version 17
VisualStudioVersion = 17.9.34728.123
MinimumVisualStudioVersion = 10.0.40219.1
Project("{2150E333-8FDC-42A3-9474-1A3956D46DE8}") = "01-Consumers", "01-Consumers", "{82213857-7A57-48D1-A723-73FF649F46B4}"
EndProject
Project("{2150E333-8FDC-42A3-9474-1A3956D46DE8}") = "03-Adapters", "03-Adapters", "{B44F0E26-A2B4-489B-B63C-CA8B7379146E}"
EndProject
Project("{2150E333-8FDC-42A3-9474-1A3956D46DE8}") = "02-Core", "02-Core", "{3BC09140-F1BE-478A-B6A6-26C421C5DAEE}"
EndProject
Project("{2150E333-8FDC-42A3-9474-1A3956D46DE8}") = "04-Tests", "04-Tests", "{632CD7E5-0772-4FF9-A881-73F312942499}"
EndProject
Project("{9A19103F-16F7-4668-BE54-9A1E7A4F7556}") = "ExamMaster.Domain", "02-Core\ExamMaster.Domain\ExamMaster.Domain.csproj", "{59787580-7AD1-4039-BF15-9B227C29DE35}"
EndProject
Project("{9A19103F-16F7-4668-BE54-9A1E7A4F7556}") = "ExamMaster.Database.Write", "03-Adapters\ExamMaster.Database.Write\ExamMaster.Database.Write.csproj", "{6DE7B7A9-3001-40F2-BA8F-CBF5E84FCC23}"
EndProject
Project("{9A19103F-16F7-4668-BE54-9A1E7A4F7556}") = "ExamMaster.Database.Read", "03-Adapters\ExamMaster.Database.Read\ExamMaster.Database.Read.csproj", "{9AD4CBFA-ED88-4D5D-8B3F-220B7E2A7314}"
EndProject
Project("{9A19103F-16F7-4668-BE54-9A1E7A4F7556}") = "ExamMaster.UnitTests", "04-Tests\ExamMaster.UnitTests\ExamMaster.UnitTests.csproj", "{A4D3E977-4118-428E-98D1-FD246385768D}"
EndProject
Project("{9A19103F-16F7-4668-BE54-9A1E7A4F7556}") = "ExamMaster.IntegrationTests", "04-Tests\ExamMaster.IntegrationTests\ExamMaster.IntegrationTests.csproj", "{87133DF0-520A-4C6B-8EFF-2C54F4F58397}"
EndProject
Project("{9A19103F-16F7-4668-BE54-9A1E7A4F7556}") = "ExamMaster.FunctionalTests", "04-Tests\ExamMaster.FunctionalTests\ExamMaster.FunctionalTests.csproj", "{BD3785E7-9757-49B0-B64C-F2E5D4BF812F}"
EndProject
Project("{9A19103F-16F7-4668-BE54-9A1E7A4F7556}") = "ExamMaster.Shared", "02-Core\ExamMaster.Shared\ExamMaster.Shared.csproj", "{393DC0E1-47BD-4172-8AD6-420E5EAA8BDD}"
EndProject
Project("{9A19103F-16F7-4668-BE54-9A1E7A4F7556}") = "ExamMaster.API", "01-Consumers\ExamMaster.Main.API\ExamMaster.API.csproj", "{F15983F4-73A2-464A-A216-25BB88F0C3F8}"
EndProject
Global
	GlobalSection(SolutionConfigurationPlatforms) = preSolution
		Debug|Any CPU = Debug|Any CPU
		Release|Any CPU = Release|Any CPU
	EndGlobalSection
	GlobalSection(ProjectConfigurationPlatforms) = postSolution
		{59787580-7AD1-4039-BF15-9B227C29DE35}.Debug|Any CPU.ActiveCfg = Debug|Any CPU
		{59787580-7AD1-4039-BF15-9B227C29DE35}.Debug|Any CPU.Build.0 = Debug|Any CPU
		{59787580-7AD1-4039-BF15-9B227C29DE35}.Release|Any CPU.ActiveCfg = Release|Any CPU
		{59787580-7AD1-4039-BF15-9B227C29DE35}.Release|Any CPU.Build.0 = Release|Any CPU
		{6DE7B7A9-3001-40F2-BA8F-CBF5E84FCC23}.Debug|Any CPU.ActiveCfg = Debug|Any CPU
		{6DE7B7A9-3001-40F2-BA8F-CBF5E84FCC23}.Debug|Any CPU.Build.0 = Debug|Any CPU
		{6DE7B7A9-3001-40F2-BA8F-CBF5E84FCC23}.Release|Any CPU.ActiveCfg = Release|Any CPU
		{6DE7B7A9-3001-40F2-BA8F-CBF5E84FCC23}.Release|Any CPU.Build.0 = Release|Any CPU
		{9AD4CBFA-ED88-4D5D-8B3F-220B7E2A7314}.Debug|Any CPU.ActiveCfg = Debug|Any CPU
		{9AD4CBFA-ED88-4D5D-8B3F-220B7E2A7314}.Debug|Any CPU.Build.0 = Debug|Any CPU
		{9AD4CBFA-ED88-4D5D-8B3F-220B7E2A7314}.Release|Any CPU.ActiveCfg = Release|Any CPU
		{9AD4CBFA-ED88-4D5D-8B3F-220B7E2A7314}.Release|Any CPU.Build.0 = Release|Any CPU
		{A4D3E977-4118-428E-98D1-FD246385768D}.Debug|Any CPU.ActiveCfg = Debug|Any CPU
		{A4D3E977-4118-428E-98D1-FD246385768D}.Debug|Any CPU.Build.0 = Debug|Any CPU
		{A4D3E977-4118-428E-98D1-FD246385768D}.Release|Any CPU.ActiveCfg = Release|Any CPU
		{A4D3E977-4118-428E-98D1-FD246385768D}.Release|Any CPU.Build.0 = Release|Any CPU
		{87133DF0-520A-4C6B-8EFF-2C54F4F58397}.Debug|Any CPU.ActiveCfg = Debug|Any CPU
		{87133DF0-520A-4C6B-8EFF-2C54F4F58397}.Debug|Any CPU.Build.0 = Debug|Any CPU
		{87133DF0-520A-4C6B-8EFF-2C54F4F58397}.Release|Any CPU.ActiveCfg = Release|Any CPU
		{87133DF0-520A-4C6B-8EFF-2C54F4F58397}.Release|Any CPU.Build.0 = Release|Any CPU
		{BD3785E7-9757-49B0-B64C-F2E5D4BF812F}.Debug|Any CPU.ActiveCfg = Debug|Any CPU
		{BD3785E7-9757-49B0-B64C-F2E5D4BF812F}.Debug|Any CPU.Build.0 = Debug|Any CPU
		{BD3785E7-9757-49B0-B64C-F2E5D4BF812F}.Release|Any CPU.ActiveCfg = Release|Any CPU
		{BD3785E7-9757-49B0-B64C-F2E5D4BF812F}.Release|Any CPU.Build.0 = Release|Any CPU
		{393DC0E1-47BD-4172-8AD6-420E5EAA8BDD}.Debug|Any CPU.ActiveCfg = Debug|Any CPU
		{393DC0E1-47BD-4172-8AD6-420E5EAA8BDD}.Debug|Any CPU.Build.0 = Debug|Any CPU
		{393DC0E1-47BD-4172-8AD6-420E5EAA8BDD}.Release|Any CPU.ActiveCfg = Release|Any CPU
		{393DC0E1-47BD-4172-8AD6-420E5EAA8BDD}.Release|Any CPU.Build.0 = Release|Any CPU
		{F15983F4-73A2-464A-A216-25BB88F0C3F8}.Debug|Any CPU.ActiveCfg = Debug|Any CPU
		{F15983F4-73A2-464A-A216-25BB88F0C3F8}.Debug|Any CPU.Build.0 = Debug|Any CPU
		{F15983F4-73A2-464A-A216-25BB88F0C3F8}.Release|Any CPU.ActiveCfg = Release|Any CPU
		{F15983F4-73A2-464A-A216-25BB88F0C3F8}.Release|Any CPU.Build.0 = Release|Any CPU
	EndGlobalSection
	GlobalSection(SolutionProperties) = preSolution
		HideSolutionNode = FALSE
	EndGlobalSection
	GlobalSection(NestedProjects) = preSolution
		{59787580-7AD1-4039-BF15-9B227C29DE35} = {3BC09140-F1BE-478A-B6A6-26C421C5DAEE}
		{6DE7B7A9-3001-40F2-BA8F-CBF5E84FCC23} = {B44F0E26-A2B4-489B-B63C-CA8B7379146E}
		{9AD4CBFA-ED88-4D5D-8B3F-220B7E2A7314} = {B44F0E26-A2B4-489B-B63C-CA8B7379146E}
		{A4D3E977-4118-428E-98D1-FD246385768D} = {632CD7E5-0772-4FF9-A881-73F312942499}
		{87133DF0-520A-4C6B-8EFF-2C54F4F58397} = {632CD7E5-0772-4FF9-A881-73F312942499}
		{BD3785E7-9757-49B0-B64C-F2E5D4BF812F} = {632CD7E5-0772-4FF9-A881-73F312942499}
		{393DC0E1-47BD-4172-8AD6-420E5EAA8BDD} = {3BC09140-F1BE-478A-B6A6-26C421C5DAEE}
		{F15983F4-73A2-464A-A216-25BB88F0C3F8} = {82213857-7A57-48D1-A723-73FF649F46B4}
	EndGlobalSection
	GlobalSection(ExtensibilityGlobals) = postSolution
		SolutionGuid = {916DE686-A4AD-4E6F-AAA3-A3381027FAF6}
	EndGlobalSection
EndGlobal
