
Microsoft Visual Studio Solution File, Format Version 12.00
# Visual Studio Version 17
VisualStudioVersion = 17.9.34728.123
MinimumVisualStudioVersion = 10.0.40219.1
Project("{2150E333-8FDC-42A3-9474-1A3956D46DE8}") = "Authenticate", "Authenticate", "{FD117111-BEED-4705-B48D-2AEE8C04D052}"
EndProject
Project("{9A19103F-16F7-4668-BE54-9A1E7A4F7556}") = "Authenticate.API", "Authenticate\Authenticate.API.csproj", "{7D4D995C-3EEA-4E99-ADE5-53953E95564B}"
EndProject
Project("{2150E333-8FDC-42A3-9474-1A3956D46DE8}") = "Apresentation", "Apresentation", "{F648AA34-95C7-422C-A650-9CDDDF9417C6}"
EndProject
Project("{2150E333-8FDC-42A3-9474-1A3956D46DE8}") = "BuildingBocks", "BuildingBocks", "{CCB56852-FE8A-4437-91B4-0C672A6C27C0}"
EndProject
Project("{9A19103F-16F7-4668-BE54-9A1E7A4F7556}") = "Common.Logging", "BuildingBocks\Commom.Logging\Common.Logging.csproj", "{72EC8E09-CDC1-43EB-88C8-142FE945C89B}"
EndProject
Project("{9A19103F-16F7-4668-BE54-9A1E7A4F7556}") = "Common.Password", "BuildingBocks\Common.Password\Common.Password.csproj", "{6E74964E-65E9-4F3D-84AB-4FD30C9374FD}"
EndProject
Project("{9A19103F-16F7-4668-BE54-9A1E7A4F7556}") = "Common.Shared", "BuildingBocks\Common.Shared\Common.Shared.csproj", "{7D5B97F7-F1CC-4FEC-A93C-DC63F44E7942}"
EndProject
Project("{9A19103F-16F7-4668-BE54-9A1E7A4F7556}") = "MockExam.Apresentation", "Apresentation\MockExam.Apresentation\MockExam.Apresentation.csproj", "{BE94E1FD-ECE1-412E-8796-8704193B9BD6}"
EndProject
Project("{2150E333-8FDC-42A3-9474-1A3956D46DE8}") = "API", "API", "{D0AD7E63-43AD-4F45-9CB3-F56E3B621BB2}"
EndProject
Project("{9A19103F-16F7-4668-BE54-9A1E7A4F7556}") = "MockExam.Manage.API", "API\ExamMaster.Main.API\MockExam.Manage.API.csproj", "{0FDEAC92-8176-4E44-87A9-4155BCC4FAE0}"
EndProject
Project("{9A19103F-16F7-4668-BE54-9A1E7A4F7556}") = "MockExam.Manage.Domain", "API\ExamMaster.Domain\MockExam.Manage.Domain.csproj", "{69ABD7FC-A08B-438B-9244-1C6519DC79DA}"
EndProject
Project("{9A19103F-16F7-4668-BE54-9A1E7A4F7556}") = "MockExam.Manage.Database.Write", "API\ExamMaster.Database.Write\MockExam.Manage.Database.Write.csproj", "{9A29CDC8-E5F2-41F6-9A7C-E083F3A11CCC}"
EndProject
Project("{9A19103F-16F7-4668-BE54-9A1E7A4F7556}") = "MockExam.Manage.Database.Read", "API\ExamMaster.Database.Read\MockExam.Manage.Database.Read.csproj", "{5B4EDA85-0E3F-4800-8894-09C89C63A7C2}"
EndProject
Global
	GlobalSection(SolutionConfigurationPlatforms) = preSolution
		Debug|Any CPU = Debug|Any CPU
		Release|Any CPU = Release|Any CPU
	EndGlobalSection
	GlobalSection(ProjectConfigurationPlatforms) = postSolution
		{7D4D995C-3EEA-4E99-ADE5-53953E95564B}.Debug|Any CPU.ActiveCfg = Debug|Any CPU
		{7D4D995C-3EEA-4E99-ADE5-53953E95564B}.Debug|Any CPU.Build.0 = Debug|Any CPU
		{7D4D995C-3EEA-4E99-ADE5-53953E95564B}.Release|Any CPU.ActiveCfg = Release|Any CPU
		{7D4D995C-3EEA-4E99-ADE5-53953E95564B}.Release|Any CPU.Build.0 = Release|Any CPU
		{72EC8E09-CDC1-43EB-88C8-142FE945C89B}.Debug|Any CPU.ActiveCfg = Debug|Any CPU
		{72EC8E09-CDC1-43EB-88C8-142FE945C89B}.Debug|Any CPU.Build.0 = Debug|Any CPU
		{72EC8E09-CDC1-43EB-88C8-142FE945C89B}.Release|Any CPU.ActiveCfg = Release|Any CPU
		{72EC8E09-CDC1-43EB-88C8-142FE945C89B}.Release|Any CPU.Build.0 = Release|Any CPU
		{6E74964E-65E9-4F3D-84AB-4FD30C9374FD}.Debug|Any CPU.ActiveCfg = Debug|Any CPU
		{6E74964E-65E9-4F3D-84AB-4FD30C9374FD}.Debug|Any CPU.Build.0 = Debug|Any CPU
		{6E74964E-65E9-4F3D-84AB-4FD30C9374FD}.Release|Any CPU.ActiveCfg = Release|Any CPU
		{6E74964E-65E9-4F3D-84AB-4FD30C9374FD}.Release|Any CPU.Build.0 = Release|Any CPU
		{7D5B97F7-F1CC-4FEC-A93C-DC63F44E7942}.Debug|Any CPU.ActiveCfg = Debug|Any CPU
		{7D5B97F7-F1CC-4FEC-A93C-DC63F44E7942}.Debug|Any CPU.Build.0 = Debug|Any CPU
		{7D5B97F7-F1CC-4FEC-A93C-DC63F44E7942}.Release|Any CPU.ActiveCfg = Release|Any CPU
		{7D5B97F7-F1CC-4FEC-A93C-DC63F44E7942}.Release|Any CPU.Build.0 = Release|Any CPU
		{BE94E1FD-ECE1-412E-8796-8704193B9BD6}.Debug|Any CPU.ActiveCfg = Debug|Any CPU
		{BE94E1FD-ECE1-412E-8796-8704193B9BD6}.Debug|Any CPU.Build.0 = Debug|Any CPU
		{BE94E1FD-ECE1-412E-8796-8704193B9BD6}.Release|Any CPU.ActiveCfg = Release|Any CPU
		{BE94E1FD-ECE1-412E-8796-8704193B9BD6}.Release|Any CPU.Build.0 = Release|Any CPU
		{0FDEAC92-8176-4E44-87A9-4155BCC4FAE0}.Debug|Any CPU.ActiveCfg = Debug|Any CPU
		{0FDEAC92-8176-4E44-87A9-4155BCC4FAE0}.Debug|Any CPU.Build.0 = Debug|Any CPU
		{0FDEAC92-8176-4E44-87A9-4155BCC4FAE0}.Release|Any CPU.ActiveCfg = Release|Any CPU
		{0FDEAC92-8176-4E44-87A9-4155BCC4FAE0}.Release|Any CPU.Build.0 = Release|Any CPU
		{69ABD7FC-A08B-438B-9244-1C6519DC79DA}.Debug|Any CPU.ActiveCfg = Debug|Any CPU
		{69ABD7FC-A08B-438B-9244-1C6519DC79DA}.Debug|Any CPU.Build.0 = Debug|Any CPU
		{69ABD7FC-A08B-438B-9244-1C6519DC79DA}.Release|Any CPU.ActiveCfg = Release|Any CPU
		{69ABD7FC-A08B-438B-9244-1C6519DC79DA}.Release|Any CPU.Build.0 = Release|Any CPU
		{9A29CDC8-E5F2-41F6-9A7C-E083F3A11CCC}.Debug|Any CPU.ActiveCfg = Debug|Any CPU
		{9A29CDC8-E5F2-41F6-9A7C-E083F3A11CCC}.Debug|Any CPU.Build.0 = Debug|Any CPU
		{9A29CDC8-E5F2-41F6-9A7C-E083F3A11CCC}.Release|Any CPU.ActiveCfg = Release|Any CPU
		{9A29CDC8-E5F2-41F6-9A7C-E083F3A11CCC}.Release|Any CPU.Build.0 = Release|Any CPU
		{5B4EDA85-0E3F-4800-8894-09C89C63A7C2}.Debug|Any CPU.ActiveCfg = Debug|Any CPU
		{5B4EDA85-0E3F-4800-8894-09C89C63A7C2}.Debug|Any CPU.Build.0 = Debug|Any CPU
		{5B4EDA85-0E3F-4800-8894-09C89C63A7C2}.Release|Any CPU.ActiveCfg = Release|Any CPU
		{5B4EDA85-0E3F-4800-8894-09C89C63A7C2}.Release|Any CPU.Build.0 = Release|Any CPU
	EndGlobalSection
	GlobalSection(SolutionProperties) = preSolution
		HideSolutionNode = FALSE
	EndGlobalSection
	GlobalSection(NestedProjects) = preSolution
		{7D4D995C-3EEA-4E99-ADE5-53953E95564B} = {FD117111-BEED-4705-B48D-2AEE8C04D052}
		{72EC8E09-CDC1-43EB-88C8-142FE945C89B} = {CCB56852-FE8A-4437-91B4-0C672A6C27C0}
		{6E74964E-65E9-4F3D-84AB-4FD30C9374FD} = {CCB56852-FE8A-4437-91B4-0C672A6C27C0}
		{7D5B97F7-F1CC-4FEC-A93C-DC63F44E7942} = {CCB56852-FE8A-4437-91B4-0C672A6C27C0}
		{BE94E1FD-ECE1-412E-8796-8704193B9BD6} = {F648AA34-95C7-422C-A650-9CDDDF9417C6}
		{0FDEAC92-8176-4E44-87A9-4155BCC4FAE0} = {D0AD7E63-43AD-4F45-9CB3-F56E3B621BB2}
		{69ABD7FC-A08B-438B-9244-1C6519DC79DA} = {D0AD7E63-43AD-4F45-9CB3-F56E3B621BB2}
		{9A29CDC8-E5F2-41F6-9A7C-E083F3A11CCC} = {D0AD7E63-43AD-4F45-9CB3-F56E3B621BB2}
		{5B4EDA85-0E3F-4800-8894-09C89C63A7C2} = {D0AD7E63-43AD-4F45-9CB3-F56E3B621BB2}
	EndGlobalSection
	GlobalSection(ExtensibilityGlobals) = postSolution
		SolutionGuid = {916DE686-A4AD-4E6F-AAA3-A3381027FAF6}
	EndGlobalSection
EndGlobal
