
Microsoft Visual Studio Solution File, Format Version 12.00
# Visual Studio Version 17
VisualStudioVersion = 17.9.34728.123
MinimumVisualStudioVersion = 10.0.40219.1
Project("{2150E333-8FDC-42A3-9474-1A3956D46DE8}") = "Ports", "Ports", "{82213857-7A57-48D1-A723-73FF649F46B4}"
EndProject
Project("{2150E333-8FDC-42A3-9474-1A3956D46DE8}") = "Adapters", "Adapters", "{B44F0E26-A2B4-489B-B63C-CA8B7379146E}"
EndProject
Project("{2150E333-8FDC-42A3-9474-1A3956D46DE8}") = "Core", "Core", "{3BC09140-F1BE-478A-B6A6-26C421C5DAEE}"
EndProject
Project("{2150E333-8FDC-42A3-9474-1A3956D46DE8}") = "Gateways", "Gateways", "{BEA0BA29-46E0-4386-9161-34532BAB7D1F}"
EndProject
Project("{9A19103F-16F7-4668-BE54-9A1E7A4F7556}") = "MockExam.Aggregator", "Gateways\MockExam.Aggregator\MockExam.Aggregator.csproj", "{AA5CF10D-4167-4392-8AA4-41F914EFD335}"
EndProject
Project("{2150E333-8FDC-42A3-9474-1A3956D46DE8}") = "Authenticate", "Authenticate", "{FD117111-BEED-4705-B48D-2AEE8C04D052}"
EndProject
Project("{9A19103F-16F7-4668-BE54-9A1E7A4F7556}") = "Authenticate.API", "Authenticate\Authenticate.API.csproj", "{7D4D995C-3EEA-4E99-ADE5-53953E95564B}"
EndProject
Project("{2150E333-8FDC-42A3-9474-1A3956D46DE8}") = "Grpc.Users", "Grpc.Users", "{CDB0C454-E439-4A2E-BD68-483C8834CDFF}"
EndProject
Project("{9A19103F-16F7-4668-BE54-9A1E7A4F7556}") = "Grpc.Users.API", "Grpc.Users\Grpc.Users.API.csproj", "{96A73F91-C437-4989-918C-43F0773C3D21}"
EndProject
Project("{2150E333-8FDC-42A3-9474-1A3956D46DE8}") = "MockExam", "MockExam", "{B10500CD-1604-469B-96D5-C80360AA1732}"
EndProject
Project("{2150E333-8FDC-42A3-9474-1A3956D46DE8}") = "Manage", "Manage", "{89D73DF0-ABD3-4C7C-8F2A-9B9B5CD4CADE}"
EndProject
Project("{2150E333-8FDC-42A3-9474-1A3956D46DE8}") = "Take", "Take", "{302E7792-D0BB-42E8-98EC-2ECC06BD8317}"
EndProject
Project("{2150E333-8FDC-42A3-9474-1A3956D46DE8}") = "Apresentation", "Apresentation", "{F648AA34-95C7-422C-A650-9CDDDF9417C6}"
EndProject
Project("{2150E333-8FDC-42A3-9474-1A3956D46DE8}") = "Tests", "Tests", "{FFC31768-C374-4FB8-88C4-1CFBA71475BB}"
EndProject
Project("{2150E333-8FDC-42A3-9474-1A3956D46DE8}") = "BuildingBocks", "BuildingBocks", "{CCB56852-FE8A-4437-91B4-0C672A6C27C0}"
EndProject
Project("{9A19103F-16F7-4668-BE54-9A1E7A4F7556}") = "MockExam.Manage.Database.Read", "MockExam\Manage\Adapters\ExamMaster.Database.Read\MockExam.Manage.Database.Read.csproj", "{23894AF2-9730-4EBE-ADD0-4F0DA62B2C86}"
EndProject
Project("{9A19103F-16F7-4668-BE54-9A1E7A4F7556}") = "MockExam.Manage.Database.Write", "MockExam\Manage\Adapters\ExamMaster.Database.Write\MockExam.Manage.Database.Write.csproj", "{48442F48-22B7-4B4E-B461-E4A2355DE0C6}"
EndProject
Project("{9A19103F-16F7-4668-BE54-9A1E7A4F7556}") = "MockExam.Manage.API", "MockExam\Manage\Consumers\ExamMaster.Main.API\MockExam.Manage.API.csproj", "{5E1973FA-497E-466D-8FE6-3050F7316CBA}"
EndProject
Project("{9A19103F-16F7-4668-BE54-9A1E7A4F7556}") = "MockExam.Manage.Domain", "MockExam\Manage\Core\ExamMaster.Domain\MockExam.Manage.Domain.csproj", "{BB008709-62B1-4B12-8C4F-D85533154E9B}"
EndProject
Project("{9A19103F-16F7-4668-BE54-9A1E7A4F7556}") = "Common.Logging", "BuildingBocks\Commom.Logging\Common.Logging.csproj", "{72EC8E09-CDC1-43EB-88C8-142FE945C89B}"
EndProject
Project("{9A19103F-16F7-4668-BE54-9A1E7A4F7556}") = "Common.Password", "BuildingBocks\Common.Password\Common.Password.csproj", "{6E74964E-65E9-4F3D-84AB-4FD30C9374FD}"
EndProject
Project("{9A19103F-16F7-4668-BE54-9A1E7A4F7556}") = "Common.Shared", "BuildingBocks\Common.Shared\Common.Shared.csproj", "{7D5B97F7-F1CC-4FEC-A93C-DC63F44E7942}"
EndProject
Project("{9A19103F-16F7-4668-BE54-9A1E7A4F7556}") = "MockExam.UnitTests", "Tests\ExamMaster.UnitTests\MockExam.UnitTests.csproj", "{D79DF8D4-51F4-483B-9B3A-5FCF4EAAEBA7}"
EndProject
Project("{9A19103F-16F7-4668-BE54-9A1E7A4F7556}") = "MockExam.IntegrationTests", "Tests\ExamMaster.IntegrationTests\MockExam.IntegrationTests.csproj", "{C40404E7-541F-4587-A7AE-8FB73AFB1DD1}"
EndProject
Project("{9A19103F-16F7-4668-BE54-9A1E7A4F7556}") = "Grpc.MockExam.Take.API", "MockExam\Take\Grpc.MockExam.Take.API\Grpc.MockExam.Take.API.csproj", "{58DE1994-05DC-4123-B158-4F681CA0534E}"
EndProject
Global
	GlobalSection(SolutionConfigurationPlatforms) = preSolution
		Debug|Any CPU = Debug|Any CPU
		Release|Any CPU = Release|Any CPU
	EndGlobalSection
	GlobalSection(ProjectConfigurationPlatforms) = postSolution
		{AA5CF10D-4167-4392-8AA4-41F914EFD335}.Debug|Any CPU.ActiveCfg = Debug|Any CPU
		{AA5CF10D-4167-4392-8AA4-41F914EFD335}.Debug|Any CPU.Build.0 = Debug|Any CPU
		{AA5CF10D-4167-4392-8AA4-41F914EFD335}.Release|Any CPU.ActiveCfg = Release|Any CPU
		{AA5CF10D-4167-4392-8AA4-41F914EFD335}.Release|Any CPU.Build.0 = Release|Any CPU
		{7D4D995C-3EEA-4E99-ADE5-53953E95564B}.Debug|Any CPU.ActiveCfg = Debug|Any CPU
		{7D4D995C-3EEA-4E99-ADE5-53953E95564B}.Debug|Any CPU.Build.0 = Debug|Any CPU
		{7D4D995C-3EEA-4E99-ADE5-53953E95564B}.Release|Any CPU.ActiveCfg = Release|Any CPU
		{7D4D995C-3EEA-4E99-ADE5-53953E95564B}.Release|Any CPU.Build.0 = Release|Any CPU
		{96A73F91-C437-4989-918C-43F0773C3D21}.Debug|Any CPU.ActiveCfg = Debug|Any CPU
		{96A73F91-C437-4989-918C-43F0773C3D21}.Debug|Any CPU.Build.0 = Debug|Any CPU
		{96A73F91-C437-4989-918C-43F0773C3D21}.Release|Any CPU.ActiveCfg = Release|Any CPU
		{96A73F91-C437-4989-918C-43F0773C3D21}.Release|Any CPU.Build.0 = Release|Any CPU
		{23894AF2-9730-4EBE-ADD0-4F0DA62B2C86}.Debug|Any CPU.ActiveCfg = Debug|Any CPU
		{23894AF2-9730-4EBE-ADD0-4F0DA62B2C86}.Debug|Any CPU.Build.0 = Debug|Any CPU
		{23894AF2-9730-4EBE-ADD0-4F0DA62B2C86}.Release|Any CPU.ActiveCfg = Release|Any CPU
		{23894AF2-9730-4EBE-ADD0-4F0DA62B2C86}.Release|Any CPU.Build.0 = Release|Any CPU
		{48442F48-22B7-4B4E-B461-E4A2355DE0C6}.Debug|Any CPU.ActiveCfg = Debug|Any CPU
		{48442F48-22B7-4B4E-B461-E4A2355DE0C6}.Debug|Any CPU.Build.0 = Debug|Any CPU
		{48442F48-22B7-4B4E-B461-E4A2355DE0C6}.Release|Any CPU.ActiveCfg = Release|Any CPU
		{48442F48-22B7-4B4E-B461-E4A2355DE0C6}.Release|Any CPU.Build.0 = Release|Any CPU
		{5E1973FA-497E-466D-8FE6-3050F7316CBA}.Debug|Any CPU.ActiveCfg = Debug|Any CPU
		{5E1973FA-497E-466D-8FE6-3050F7316CBA}.Debug|Any CPU.Build.0 = Debug|Any CPU
		{5E1973FA-497E-466D-8FE6-3050F7316CBA}.Release|Any CPU.ActiveCfg = Release|Any CPU
		{5E1973FA-497E-466D-8FE6-3050F7316CBA}.Release|Any CPU.Build.0 = Release|Any CPU
		{BB008709-62B1-4B12-8C4F-D85533154E9B}.Debug|Any CPU.ActiveCfg = Debug|Any CPU
		{BB008709-62B1-4B12-8C4F-D85533154E9B}.Debug|Any CPU.Build.0 = Debug|Any CPU
		{BB008709-62B1-4B12-8C4F-D85533154E9B}.Release|Any CPU.ActiveCfg = Release|Any CPU
		{BB008709-62B1-4B12-8C4F-D85533154E9B}.Release|Any CPU.Build.0 = Release|Any CPU
		{72EC8E09-CDC1-43EB-88C8-142FE945C89B}.Debug|Any CPU.ActiveCfg = Debug|Any CPU
		{72EC8E09-CDC1-43EB-88C8-142FE945C89B}.Debug|Any CPU.Build.0 = Debug|Any CPU
		{72EC8E09-CDC1-43EB-88C8-142FE945C89B}.Release|Any CPU.ActiveCfg = Release|Any CPU
		{72EC8E09-CDC1-43EB-88C8-142FE945C89B}.Release|Any CPU.Build.0 = Release|Any CPU
		{6E74964E-65E9-4F3D-84AB-4FD30C9374FD}.Debug|Any CPU.ActiveCfg = Debug|Any CPU
		{6E74964E-65E9-4F3D-84AB-4FD30C9374FD}.Debug|Any CPU.Build.0 = Debug|Any CPU
		{6E74964E-65E9-4F3D-84AB-4FD30C9374FD}.Release|Any CPU.ActiveCfg = Release|Any CPU
		{6E74964E-65E9-4F3D-84AB-4FD30C9374FD}.Release|Any CPU.Build.0 = Release|Any CPU
		{7D5B97F7-F1CC-4FEC-A93C-DC63F44E7942}.Debug|Any CPU.ActiveCfg = Debug|Any CPU
		{7D5B97F7-F1CC-4FEC-A93C-DC63F44E7942}.Debug|Any CPU.Build.0 = Debug|Any CPU
		{7D5B97F7-F1CC-4FEC-A93C-DC63F44E7942}.Release|Any CPU.ActiveCfg = Release|Any CPU
		{7D5B97F7-F1CC-4FEC-A93C-DC63F44E7942}.Release|Any CPU.Build.0 = Release|Any CPU
		{D79DF8D4-51F4-483B-9B3A-5FCF4EAAEBA7}.Debug|Any CPU.ActiveCfg = Debug|Any CPU
		{D79DF8D4-51F4-483B-9B3A-5FCF4EAAEBA7}.Debug|Any CPU.Build.0 = Debug|Any CPU
		{D79DF8D4-51F4-483B-9B3A-5FCF4EAAEBA7}.Release|Any CPU.ActiveCfg = Release|Any CPU
		{D79DF8D4-51F4-483B-9B3A-5FCF4EAAEBA7}.Release|Any CPU.Build.0 = Release|Any CPU
		{C40404E7-541F-4587-A7AE-8FB73AFB1DD1}.Debug|Any CPU.ActiveCfg = Debug|Any CPU
		{C40404E7-541F-4587-A7AE-8FB73AFB1DD1}.Debug|Any CPU.Build.0 = Debug|Any CPU
		{C40404E7-541F-4587-A7AE-8FB73AFB1DD1}.Release|Any CPU.ActiveCfg = Release|Any CPU
		{C40404E7-541F-4587-A7AE-8FB73AFB1DD1}.Release|Any CPU.Build.0 = Release|Any CPU
		{58DE1994-05DC-4123-B158-4F681CA0534E}.Debug|Any CPU.ActiveCfg = Debug|Any CPU
		{58DE1994-05DC-4123-B158-4F681CA0534E}.Debug|Any CPU.Build.0 = Debug|Any CPU
		{58DE1994-05DC-4123-B158-4F681CA0534E}.Release|Any CPU.ActiveCfg = Release|Any CPU
		{58DE1994-05DC-4123-B158-4F681CA0534E}.Release|Any CPU.Build.0 = Release|Any CPU
	EndGlobalSection
	GlobalSection(SolutionProperties) = preSolution
		HideSolutionNode = FALSE
	EndGlobalSection
	GlobalSection(NestedProjects) = preSolution
		{B44F0E26-A2B4-489B-B63C-CA8B7379146E} = {89D73DF0-ABD3-4C7C-8F2A-9B9B5CD4CADE}
		{3BC09140-F1BE-478A-B6A6-26C421C5DAEE} = {89D73DF0-ABD3-4C7C-8F2A-9B9B5CD4CADE}
		{AA5CF10D-4167-4392-8AA4-41F914EFD335} = {BEA0BA29-46E0-4386-9161-34532BAB7D1F}
		{7D4D995C-3EEA-4E99-ADE5-53953E95564B} = {FD117111-BEED-4705-B48D-2AEE8C04D052}
		{96A73F91-C437-4989-918C-43F0773C3D21} = {CDB0C454-E439-4A2E-BD68-483C8834CDFF}
		{89D73DF0-ABD3-4C7C-8F2A-9B9B5CD4CADE} = {B10500CD-1604-469B-96D5-C80360AA1732}
		{302E7792-D0BB-42E8-98EC-2ECC06BD8317} = {B10500CD-1604-469B-96D5-C80360AA1732}
		{23894AF2-9730-4EBE-ADD0-4F0DA62B2C86} = {B44F0E26-A2B4-489B-B63C-CA8B7379146E}
		{48442F48-22B7-4B4E-B461-E4A2355DE0C6} = {B44F0E26-A2B4-489B-B63C-CA8B7379146E}
		{5E1973FA-497E-466D-8FE6-3050F7316CBA} = {89D73DF0-ABD3-4C7C-8F2A-9B9B5CD4CADE}
		{BB008709-62B1-4B12-8C4F-D85533154E9B} = {3BC09140-F1BE-478A-B6A6-26C421C5DAEE}
		{72EC8E09-CDC1-43EB-88C8-142FE945C89B} = {CCB56852-FE8A-4437-91B4-0C672A6C27C0}
		{6E74964E-65E9-4F3D-84AB-4FD30C9374FD} = {CCB56852-FE8A-4437-91B4-0C672A6C27C0}
		{7D5B97F7-F1CC-4FEC-A93C-DC63F44E7942} = {CCB56852-FE8A-4437-91B4-0C672A6C27C0}
		{D79DF8D4-51F4-483B-9B3A-5FCF4EAAEBA7} = {FFC31768-C374-4FB8-88C4-1CFBA71475BB}
		{C40404E7-541F-4587-A7AE-8FB73AFB1DD1} = {FFC31768-C374-4FB8-88C4-1CFBA71475BB}
		{58DE1994-05DC-4123-B158-4F681CA0534E} = {302E7792-D0BB-42E8-98EC-2ECC06BD8317}
	EndGlobalSection
	GlobalSection(ExtensibilityGlobals) = postSolution
		SolutionGuid = {916DE686-A4AD-4E6F-AAA3-A3381027FAF6}
	EndGlobalSection
EndGlobal
